
Microsoft Visual Studio Solution File, Format Version 12.00
# Visual Studio Version 17
VisualStudioVersion = 17.10.35122.118
MinimumVisualStudioVersion = 10.0.40219.1
Project("{FAE04EC0-301F-11D3-BF4B-00C04F79EFBC}") = "HARD.CORE.OBJ", "HARD.CORE.OBJ\HARD.CORE.OBJ.csproj", "{CA6F5F1B-84B1-438B-B38C-BA82591655AD}"
EndProject
Project("{FAE04EC0-301F-11D3-BF4B-00C04F79EFBC}") = "HARD.CORE.DAT", "HARD.CORE.DAT\HARD.CORE.DAT.csproj", "{B92AA3A0-67C4-4695-95A0-C41A6824B131}"
EndProject
Project("{FAE04EC0-301F-11D3-BF4B-00C04F79EFBC}") = "HARD.CORE.NEG", "HARD.CORE.NEG\HARD.CORE.NEG.csproj", "{9F922DF1-C192-4091-BCB1-564618D46754}"
EndProject
Project("{FAE04EC0-301F-11D3-BF4B-00C04F79EFBC}") = "HARD.CORE.API", "HARD.CORE.API\HARD.CORE.API.csproj", "{19EF61A7-BF13-40D3-9367-E3BE6C09BA7C}"
EndProject
Project("{FAE04EC0-301F-11D3-BF4B-00C04F79EFBC}") = "HARD.CORE.DAT.Tests", "HARD.CORE.DAT.Tests\HARD.CORE.DAT.Tests.csproj", "{9B040DB2-ECBC-48F1-942C-EE070637A999}"
EndProject
Project("{FAE04EC0-301F-11D3-BF4B-00C04F79EFBC}") = "HARD.CORE.NEG.Tests", "HARD.CORE.NEG.Tests\HARD.CORE.NEG.Tests.csproj", "{78B00BFC-FBEB-4ED5-B22F-BDF490D73074}"
EndProject
Global
	GlobalSection(SolutionConfigurationPlatforms) = preSolution
		Debug|Any CPU = Debug|Any CPU
		Debug|x64 = Debug|x64
		Debug|x86 = Debug|x86
		Release|Any CPU = Release|Any CPU
		Release|x64 = Release|x64
		Release|x86 = Release|x86
	EndGlobalSection
	GlobalSection(ProjectConfigurationPlatforms) = postSolution
		{CA6F5F1B-84B1-438B-B38C-BA82591655AD}.Debug|Any CPU.ActiveCfg = Debug|Any CPU
		{CA6F5F1B-84B1-438B-B38C-BA82591655AD}.Debug|Any CPU.Build.0 = Debug|Any CPU
		{CA6F5F1B-84B1-438B-B38C-BA82591655AD}.Debug|x64.ActiveCfg = Debug|Any CPU
		{CA6F5F1B-84B1-438B-B38C-BA82591655AD}.Debug|x64.Build.0 = Debug|Any CPU
		{CA6F5F1B-84B1-438B-B38C-BA82591655AD}.Debug|x86.ActiveCfg = Debug|Any CPU
		{CA6F5F1B-84B1-438B-B38C-BA82591655AD}.Debug|x86.Build.0 = Debug|Any CPU
		{CA6F5F1B-84B1-438B-B38C-BA82591655AD}.Release|Any CPU.ActiveCfg = Release|Any CPU
		{CA6F5F1B-84B1-438B-B38C-BA82591655AD}.Release|Any CPU.Build.0 = Release|Any CPU
		{CA6F5F1B-84B1-438B-B38C-BA82591655AD}.Release|x64.ActiveCfg = Release|Any CPU
		{CA6F5F1B-84B1-438B-B38C-BA82591655AD}.Release|x64.Build.0 = Release|Any CPU
		{CA6F5F1B-84B1-438B-B38C-BA82591655AD}.Release|x86.ActiveCfg = Release|Any CPU
		{CA6F5F1B-84B1-438B-B38C-BA82591655AD}.Release|x86.Build.0 = Release|Any CPU
		{B92AA3A0-67C4-4695-95A0-C41A6824B131}.Debug|Any CPU.ActiveCfg = Debug|Any CPU
		{B92AA3A0-67C4-4695-95A0-C41A6824B131}.Debug|Any CPU.Build.0 = Debug|Any CPU
		{B92AA3A0-67C4-4695-95A0-C41A6824B131}.Debug|x64.ActiveCfg = Debug|Any CPU
		{B92AA3A0-67C4-4695-95A0-C41A6824B131}.Debug|x64.Build.0 = Debug|Any CPU
		{B92AA3A0-67C4-4695-95A0-C41A6824B131}.Debug|x86.ActiveCfg = Debug|Any CPU
		{B92AA3A0-67C4-4695-95A0-C41A6824B131}.Debug|x86.Build.0 = Debug|Any CPU
		{B92AA3A0-67C4-4695-95A0-C41A6824B131}.Release|Any CPU.ActiveCfg = Release|Any CPU
		{B92AA3A0-67C4-4695-95A0-C41A6824B131}.Release|Any CPU.Build.0 = Release|Any CPU
		{B92AA3A0-67C4-4695-95A0-C41A6824B131}.Release|x64.ActiveCfg = Release|Any CPU
		{B92AA3A0-67C4-4695-95A0-C41A6824B131}.Release|x64.Build.0 = Release|Any CPU
		{B92AA3A0-67C4-4695-95A0-C41A6824B131}.Release|x86.ActiveCfg = Release|Any CPU
		{B92AA3A0-67C4-4695-95A0-C41A6824B131}.Release|x86.Build.0 = Release|Any CPU
		{9F922DF1-C192-4091-BCB1-564618D46754}.Debug|Any CPU.ActiveCfg = Debug|Any CPU
		{9F922DF1-C192-4091-BCB1-564618D46754}.Debug|Any CPU.Build.0 = Debug|Any CPU
		{9F922DF1-C192-4091-BCB1-564618D46754}.Debug|x64.ActiveCfg = Debug|Any CPU
		{9F922DF1-C192-4091-BCB1-564618D46754}.Debug|x64.Build.0 = Debug|Any CPU
		{9F922DF1-C192-4091-BCB1-564618D46754}.Debug|x86.ActiveCfg = Debug|Any CPU
		{9F922DF1-C192-4091-BCB1-564618D46754}.Debug|x86.Build.0 = Debug|Any CPU
		{9F922DF1-C192-4091-BCB1-564618D46754}.Release|Any CPU.ActiveCfg = Release|Any CPU
		{9F922DF1-C192-4091-BCB1-564618D46754}.Release|Any CPU.Build.0 = Release|Any CPU
		{9F922DF1-C192-4091-BCB1-564618D46754}.Release|x64.ActiveCfg = Release|Any CPU
		{9F922DF1-C192-4091-BCB1-564618D46754}.Release|x64.Build.0 = Release|Any CPU
		{9F922DF1-C192-4091-BCB1-564618D46754}.Release|x86.ActiveCfg = Release|Any CPU
		{9F922DF1-C192-4091-BCB1-564618D46754}.Release|x86.Build.0 = Release|Any CPU
		{19EF61A7-BF13-40D3-9367-E3BE6C09BA7C}.Debug|Any CPU.ActiveCfg = Debug|Any CPU
		{19EF61A7-BF13-40D3-9367-E3BE6C09BA7C}.Debug|Any CPU.Build.0 = Debug|Any CPU
		{19EF61A7-BF13-40D3-9367-E3BE6C09BA7C}.Debug|x64.ActiveCfg = Debug|Any CPU
		{19EF61A7-BF13-40D3-9367-E3BE6C09BA7C}.Debug|x64.Build.0 = Debug|Any CPU
		{19EF61A7-BF13-40D3-9367-E3BE6C09BA7C}.Debug|x86.ActiveCfg = Debug|Any CPU
		{19EF61A7-BF13-40D3-9367-E3BE6C09BA7C}.Debug|x86.Build.0 = Debug|Any CPU
		{19EF61A7-BF13-40D3-9367-E3BE6C09BA7C}.Release|Any CPU.ActiveCfg = Release|Any CPU
		{19EF61A7-BF13-40D3-9367-E3BE6C09BA7C}.Release|Any CPU.Build.0 = Release|Any CPU
		{19EF61A7-BF13-40D3-9367-E3BE6C09BA7C}.Release|x64.ActiveCfg = Release|Any CPU
		{19EF61A7-BF13-40D3-9367-E3BE6C09BA7C}.Release|x64.Build.0 = Release|Any CPU
		{19EF61A7-BF13-40D3-9367-E3BE6C09BA7C}.Release|x86.ActiveCfg = Release|Any CPU
		{19EF61A7-BF13-40D3-9367-E3BE6C09BA7C}.Release|x86.Build.0 = Release|Any CPU
		{9B040DB2-ECBC-48F1-942C-EE070637A999}.Debug|Any CPU.ActiveCfg = Debug|Any CPU
		{9B040DB2-ECBC-48F1-942C-EE070637A999}.Debug|Any CPU.Build.0 = Debug|Any CPU
		{9B040DB2-ECBC-48F1-942C-EE070637A999}.Debug|x64.ActiveCfg = Debug|Any CPU
		{9B040DB2-ECBC-48F1-942C-EE070637A999}.Debug|x64.Build.0 = Debug|Any CPU
		{9B040DB2-ECBC-48F1-942C-EE070637A999}.Debug|x86.ActiveCfg = Debug|Any CPU
		{9B040DB2-ECBC-48F1-942C-EE070637A999}.Debug|x86.Build.0 = Debug|Any CPU
		{9B040DB2-ECBC-48F1-942C-EE070637A999}.Release|Any CPU.ActiveCfg = Release|Any CPU
		{9B040DB2-ECBC-48F1-942C-EE070637A999}.Release|Any CPU.Build.0 = Release|Any CPU
		{9B040DB2-ECBC-48F1-942C-EE070637A999}.Release|x64.ActiveCfg = Release|Any CPU
		{9B040DB2-ECBC-48F1-942C-EE070637A999}.Release|x64.Build.0 = Release|Any CPU
		{9B040DB2-ECBC-48F1-942C-EE070637A999}.Release|x86.ActiveCfg = Release|Any CPU
		{9B040DB2-ECBC-48F1-942C-EE070637A999}.Release|x86.Build.0 = Release|Any CPU
		{78B00BFC-FBEB-4ED5-B22F-BDF490D73074}.Debug|Any CPU.ActiveCfg = Debug|Any CPU
		{78B00BFC-FBEB-4ED5-B22F-BDF490D73074}.Debug|Any CPU.Build.0 = Debug|Any CPU
		{78B00BFC-FBEB-4ED5-B22F-BDF490D73074}.Debug|x64.ActiveCfg = Debug|Any CPU
		{78B00BFC-FBEB-4ED5-B22F-BDF490D73074}.Debug|x64.Build.0 = Debug|Any CPU
		{78B00BFC-FBEB-4ED5-B22F-BDF490D73074}.Debug|x86.ActiveCfg = Debug|Any CPU
		{78B00BFC-FBEB-4ED5-B22F-BDF490D73074}.Debug|x86.Build.0 = Debug|Any CPU
		{78B00BFC-FBEB-4ED5-B22F-BDF490D73074}.Release|Any CPU.ActiveCfg = Release|Any CPU
		{78B00BFC-FBEB-4ED5-B22F-BDF490D73074}.Release|Any CPU.Build.0 = Release|Any CPU
		{78B00BFC-FBEB-4ED5-B22F-BDF490D73074}.Release|x64.ActiveCfg = Release|Any CPU
		{78B00BFC-FBEB-4ED5-B22F-BDF490D73074}.Release|x64.Build.0 = Release|Any CPU
		{78B00BFC-FBEB-4ED5-B22F-BDF490D73074}.Release|x86.ActiveCfg = Release|Any CPU
		{78B00BFC-FBEB-4ED5-B22F-BDF490D73074}.Release|x86.Build.0 = Release|Any CPU
	EndGlobalSection
	GlobalSection(SolutionProperties) = preSolution
		HideSolutionNode = FALSE
	EndGlobalSection
	GlobalSection(ExtensibilityGlobals) = postSolution
		SolutionGuid = {E65FEA30-152B-49F5-9250-9832C6E0C068}
	EndGlobalSection
EndGlobal
